
Microsoft Visual Studio Solution File, Format Version 12.00
# Visual Studio Version 16
VisualStudioVersion = 16.0.29418.71
MinimumVisualStudioVersion = 10.0.40219.1
Project("{FAE04EC0-301F-11D3-BF4B-00C04F79EFBC}") = "01-ByteBank", "01-ByteBank\01-ByteBank.csproj", "{9F4E62E0-3647-4656-874D-2A8E58CD74AB}"
EndProject
Global
	GlobalSection(SolutionConfigurationPlatforms) = preSolution
		Debug|Any CPU = Debug|Any CPU
		Release|Any CPU = Release|Any CPU
	EndGlobalSection
	GlobalSection(ProjectConfigurationPlatforms) = postSolution
		{9F4E62E0-3647-4656-874D-2A8E58CD74AB}.Debug|Any CPU.ActiveCfg = Debug|Any CPU
		{9F4E62E0-3647-4656-874D-2A8E58CD74AB}.Debug|Any CPU.Build.0 = Debug|Any CPU
		{9F4E62E0-3647-4656-874D-2A8E58CD74AB}.Release|Any CPU.ActiveCfg = Release|Any CPU
		{9F4E62E0-3647-4656-874D-2A8E58CD74AB}.Release|Any CPU.Build.0 = Release|Any CPU
	EndGlobalSection
	GlobalSection(SolutionProperties) = preSolution
		HideSolutionNode = FALSE
	EndGlobalSection
	GlobalSection(ExtensibilityGlobals) = postSolution
		SolutionGuid = {1FD0DF36-2689-4CE8-9CB1-BED55E4DB0B8}
	EndGlobalSection
EndGlobal
