
Microsoft Visual Studio Solution File, Format Version 12.00
# Visual Studio Version 16
VisualStudioVersion = 16.0.29418.71
MinimumVisualStudioVersion = 10.0.40219.1
Project("{FAE04EC0-301F-11D3-BF4B-00C04F79EFBC}") = "ByteBank", "ByteBank\ByteBank.csproj", "{0F3421CB-2659-4955-B0E9-3FFB00E9E92A}"
EndProject
Global
	GlobalSection(SolutionConfigurationPlatforms) = preSolution
		Debug|Any CPU = Debug|Any CPU
		Release|Any CPU = Release|Any CPU
	EndGlobalSection
	GlobalSection(ProjectConfigurationPlatforms) = postSolution
		{0F3421CB-2659-4955-B0E9-3FFB00E9E92A}.Debug|Any CPU.ActiveCfg = Debug|Any CPU
		{0F3421CB-2659-4955-B0E9-3FFB00E9E92A}.Debug|Any CPU.Build.0 = Debug|Any CPU
		{0F3421CB-2659-4955-B0E9-3FFB00E9E92A}.Release|Any CPU.ActiveCfg = Release|Any CPU
		{0F3421CB-2659-4955-B0E9-3FFB00E9E92A}.Release|Any CPU.Build.0 = Release|Any CPU
	EndGlobalSection
	GlobalSection(SolutionProperties) = preSolution
		HideSolutionNode = FALSE
	EndGlobalSection
	GlobalSection(ExtensibilityGlobals) = postSolution
		SolutionGuid = {4B059AA8-3828-4271-B17B-6E3B621E3924}
	EndGlobalSection
EndGlobal
