
Microsoft Visual Studio Solution File, Format Version 12.00
# Visual Studio Version 16
VisualStudioVersion = 16.0.29411.108
MinimumVisualStudioVersion = 10.0.40219.1
Project("{FAE04EC0-301F-11D3-BF4B-00C04F79EFBC}") = "1-PrimeiroProjeto", "1-PrimeiroProjeto\1-PrimeiroProjeto.csproj", "{C53E4D6B-6DCE-4E40-87AE-801BC153CB65}"
EndProject
Project("{FAE04EC0-301F-11D3-BF4B-00C04F79EFBC}") = "2-CriandoVariaveis", "2-CriandoVariaveis\2-CriandoVariaveis.csproj", "{A4EDBD31-BAE3-4EF2-8338-449AD47359A0}"
EndProject
Project("{FAE04EC0-301F-11D3-BF4B-00C04F79EFBC}") = "3-CriandoVariaveisPontoFlutuante", "3-CriandoVariaveisPontoFlutuante\3-CriandoVariaveisPontoFlutuante.csproj", "{7A52FA35-2B45-4A9B-B087-B55AB8263328}"
EndProject
Project("{FAE04EC0-301F-11D3-BF4B-00C04F79EFBC}") = "4-ConversoesEOutrosTiposNumericos", "4-ConversoesEOutrosTiposNumericos\4-ConversoesEOutrosTiposNumericos.csproj", "{959184FF-E351-4939-BC66-AD82526A49F8}"
EndProject
Project("{FAE04EC0-301F-11D3-BF4B-00C04F79EFBC}") = "5-CaracteresETextos", "5-CaracteresETextos\5-CaracteresETextos.csproj", "{3FB2871D-0D99-49F0-9E43-F65AE69D7C80}"
EndProject
Project("{FAE04EC0-301F-11D3-BF4B-00C04F79EFBC}") = "6-AtribuicoesDeVariaveis", "6-AtribuicoesDeVariaveis\6-AtribuicoesDeVariaveis.csproj", "{355649B9-2E14-4933-880F-56BE9D028ECA}"
EndProject
Project("{FAE04EC0-301F-11D3-BF4B-00C04F79EFBC}") = "7-Condicionais", "7-Condicionais\7-Condicionais.csproj", "{BF99E5E3-FD0E-4404-928A-A9D6110AF495}"
EndProject
Project("{FAE04EC0-301F-11D3-BF4B-00C04F79EFBC}") = "8-Condicionas2", "8-Condicionas2\8-Condicionas2.csproj", "{F92F1E2E-A64E-43D9-86C3-4FD1EB30AEC5}"
EndProject
Project("{FAE04EC0-301F-11D3-BF4B-00C04F79EFBC}") = "9-Escopo", "9-Escopo\9-Escopo.csproj", "{B0FAF113-AE12-40E1-AB5D-ABE9AA632DCA}"
EndProject
Project("{FAE04EC0-301F-11D3-BF4B-00C04F79EFBC}") = "P10-CalculaPoupanca", "P10-CalculaPoupanca\P10-CalculaPoupanca.csproj", "{D090FC56-7748-423E-BA23-91EA30E44CBF}"
EndProject
Project("{FAE04EC0-301F-11D3-BF4B-00C04F79EFBC}") = "P11-CalculaPoupanca", "P11-CalculaPoupanca\P11-CalculaPoupanca.csproj", "{68AB03C9-1570-4498-A50A-DEAE21545DFA}"
EndProject
Project("{FAE04EC0-301F-11D3-BF4B-00C04F79EFBC}") = "P12-CalculaInvestimentoLongoPrazo", "P12-CalculaInvestimentoLongoPrazo\P12-CalculaInvestimentoLongoPrazo.csproj", "{591AB75A-DE59-430B-BD22-42EB884EFAE6}"
EndProject
Project("{FAE04EC0-301F-11D3-BF4B-00C04F79EFBC}") = "P13-ForEncadeado", "P13-ForEncadeado\P13-ForEncadeado.csproj", "{41916098-7E00-4348-AE96-98C6C3782974}"
EndProject
Project("{FAE04EC0-301F-11D3-BF4B-00C04F79EFBC}") = "P14-DesafioMultiplosDeTres", "P14-DesafioMultiplosDeTres\P14-DesafioMultiplosDeTres.csproj", "{704F9B1B-BD67-4871-8A66-771C4CDC1CAA}"
EndProject
Project("{FAE04EC0-301F-11D3-BF4B-00C04F79EFBC}") = "P15-DesafioFatorial", "P14-DesafioFatorial\P15-DesafioFatorial.csproj", "{AB2D9B6B-5426-4E5B-B661-4945F9F3090F}"
EndProject
Global
	GlobalSection(SolutionConfigurationPlatforms) = preSolution
		Debug|Any CPU = Debug|Any CPU
		Release|Any CPU = Release|Any CPU
	EndGlobalSection
	GlobalSection(ProjectConfigurationPlatforms) = postSolution
		{C53E4D6B-6DCE-4E40-87AE-801BC153CB65}.Debug|Any CPU.ActiveCfg = Debug|Any CPU
		{C53E4D6B-6DCE-4E40-87AE-801BC153CB65}.Debug|Any CPU.Build.0 = Debug|Any CPU
		{C53E4D6B-6DCE-4E40-87AE-801BC153CB65}.Release|Any CPU.ActiveCfg = Release|Any CPU
		{C53E4D6B-6DCE-4E40-87AE-801BC153CB65}.Release|Any CPU.Build.0 = Release|Any CPU
		{A4EDBD31-BAE3-4EF2-8338-449AD47359A0}.Debug|Any CPU.ActiveCfg = Debug|Any CPU
		{A4EDBD31-BAE3-4EF2-8338-449AD47359A0}.Debug|Any CPU.Build.0 = Debug|Any CPU
		{A4EDBD31-BAE3-4EF2-8338-449AD47359A0}.Release|Any CPU.ActiveCfg = Release|Any CPU
		{A4EDBD31-BAE3-4EF2-8338-449AD47359A0}.Release|Any CPU.Build.0 = Release|Any CPU
		{7A52FA35-2B45-4A9B-B087-B55AB8263328}.Debug|Any CPU.ActiveCfg = Debug|Any CPU
		{7A52FA35-2B45-4A9B-B087-B55AB8263328}.Debug|Any CPU.Build.0 = Debug|Any CPU
		{7A52FA35-2B45-4A9B-B087-B55AB8263328}.Release|Any CPU.ActiveCfg = Release|Any CPU
		{7A52FA35-2B45-4A9B-B087-B55AB8263328}.Release|Any CPU.Build.0 = Release|Any CPU
		{959184FF-E351-4939-BC66-AD82526A49F8}.Debug|Any CPU.ActiveCfg = Debug|Any CPU
		{959184FF-E351-4939-BC66-AD82526A49F8}.Debug|Any CPU.Build.0 = Debug|Any CPU
		{959184FF-E351-4939-BC66-AD82526A49F8}.Release|Any CPU.ActiveCfg = Release|Any CPU
		{959184FF-E351-4939-BC66-AD82526A49F8}.Release|Any CPU.Build.0 = Release|Any CPU
		{3FB2871D-0D99-49F0-9E43-F65AE69D7C80}.Debug|Any CPU.ActiveCfg = Debug|Any CPU
		{3FB2871D-0D99-49F0-9E43-F65AE69D7C80}.Debug|Any CPU.Build.0 = Debug|Any CPU
		{3FB2871D-0D99-49F0-9E43-F65AE69D7C80}.Release|Any CPU.ActiveCfg = Release|Any CPU
		{3FB2871D-0D99-49F0-9E43-F65AE69D7C80}.Release|Any CPU.Build.0 = Release|Any CPU
		{355649B9-2E14-4933-880F-56BE9D028ECA}.Debug|Any CPU.ActiveCfg = Debug|Any CPU
		{355649B9-2E14-4933-880F-56BE9D028ECA}.Debug|Any CPU.Build.0 = Debug|Any CPU
		{355649B9-2E14-4933-880F-56BE9D028ECA}.Release|Any CPU.ActiveCfg = Release|Any CPU
		{355649B9-2E14-4933-880F-56BE9D028ECA}.Release|Any CPU.Build.0 = Release|Any CPU
		{BF99E5E3-FD0E-4404-928A-A9D6110AF495}.Debug|Any CPU.ActiveCfg = Debug|Any CPU
		{BF99E5E3-FD0E-4404-928A-A9D6110AF495}.Debug|Any CPU.Build.0 = Debug|Any CPU
		{BF99E5E3-FD0E-4404-928A-A9D6110AF495}.Release|Any CPU.ActiveCfg = Release|Any CPU
		{BF99E5E3-FD0E-4404-928A-A9D6110AF495}.Release|Any CPU.Build.0 = Release|Any CPU
		{F92F1E2E-A64E-43D9-86C3-4FD1EB30AEC5}.Debug|Any CPU.ActiveCfg = Debug|Any CPU
		{F92F1E2E-A64E-43D9-86C3-4FD1EB30AEC5}.Debug|Any CPU.Build.0 = Debug|Any CPU
		{F92F1E2E-A64E-43D9-86C3-4FD1EB30AEC5}.Release|Any CPU.ActiveCfg = Release|Any CPU
		{F92F1E2E-A64E-43D9-86C3-4FD1EB30AEC5}.Release|Any CPU.Build.0 = Release|Any CPU
		{B0FAF113-AE12-40E1-AB5D-ABE9AA632DCA}.Debug|Any CPU.ActiveCfg = Debug|Any CPU
		{B0FAF113-AE12-40E1-AB5D-ABE9AA632DCA}.Debug|Any CPU.Build.0 = Debug|Any CPU
		{B0FAF113-AE12-40E1-AB5D-ABE9AA632DCA}.Release|Any CPU.ActiveCfg = Release|Any CPU
		{B0FAF113-AE12-40E1-AB5D-ABE9AA632DCA}.Release|Any CPU.Build.0 = Release|Any CPU
		{D090FC56-7748-423E-BA23-91EA30E44CBF}.Debug|Any CPU.ActiveCfg = Debug|Any CPU
		{D090FC56-7748-423E-BA23-91EA30E44CBF}.Debug|Any CPU.Build.0 = Debug|Any CPU
		{D090FC56-7748-423E-BA23-91EA30E44CBF}.Release|Any CPU.ActiveCfg = Release|Any CPU
		{D090FC56-7748-423E-BA23-91EA30E44CBF}.Release|Any CPU.Build.0 = Release|Any CPU
		{68AB03C9-1570-4498-A50A-DEAE21545DFA}.Debug|Any CPU.ActiveCfg = Debug|Any CPU
		{68AB03C9-1570-4498-A50A-DEAE21545DFA}.Debug|Any CPU.Build.0 = Debug|Any CPU
		{68AB03C9-1570-4498-A50A-DEAE21545DFA}.Release|Any CPU.ActiveCfg = Release|Any CPU
		{68AB03C9-1570-4498-A50A-DEAE21545DFA}.Release|Any CPU.Build.0 = Release|Any CPU
		{591AB75A-DE59-430B-BD22-42EB884EFAE6}.Debug|Any CPU.ActiveCfg = Debug|Any CPU
		{591AB75A-DE59-430B-BD22-42EB884EFAE6}.Debug|Any CPU.Build.0 = Debug|Any CPU
		{591AB75A-DE59-430B-BD22-42EB884EFAE6}.Release|Any CPU.ActiveCfg = Release|Any CPU
		{591AB75A-DE59-430B-BD22-42EB884EFAE6}.Release|Any CPU.Build.0 = Release|Any CPU
		{41916098-7E00-4348-AE96-98C6C3782974}.Debug|Any CPU.ActiveCfg = Debug|Any CPU
		{41916098-7E00-4348-AE96-98C6C3782974}.Debug|Any CPU.Build.0 = Debug|Any CPU
		{41916098-7E00-4348-AE96-98C6C3782974}.Release|Any CPU.ActiveCfg = Release|Any CPU
		{41916098-7E00-4348-AE96-98C6C3782974}.Release|Any CPU.Build.0 = Release|Any CPU
		{704F9B1B-BD67-4871-8A66-771C4CDC1CAA}.Debug|Any CPU.ActiveCfg = Debug|Any CPU
		{704F9B1B-BD67-4871-8A66-771C4CDC1CAA}.Debug|Any CPU.Build.0 = Debug|Any CPU
		{704F9B1B-BD67-4871-8A66-771C4CDC1CAA}.Release|Any CPU.ActiveCfg = Release|Any CPU
		{704F9B1B-BD67-4871-8A66-771C4CDC1CAA}.Release|Any CPU.Build.0 = Release|Any CPU
		{AB2D9B6B-5426-4E5B-B661-4945F9F3090F}.Debug|Any CPU.ActiveCfg = Debug|Any CPU
		{AB2D9B6B-5426-4E5B-B661-4945F9F3090F}.Debug|Any CPU.Build.0 = Debug|Any CPU
		{AB2D9B6B-5426-4E5B-B661-4945F9F3090F}.Release|Any CPU.ActiveCfg = Release|Any CPU
		{AB2D9B6B-5426-4E5B-B661-4945F9F3090F}.Release|Any CPU.Build.0 = Release|Any CPU
	EndGlobalSection
	GlobalSection(SolutionProperties) = preSolution
		HideSolutionNode = FALSE
	EndGlobalSection
	GlobalSection(ExtensibilityGlobals) = postSolution
		SolutionGuid = {10761F25-4815-4F2C-BE9B-F3A38268C6AB}
	EndGlobalSection
EndGlobal
