
Microsoft Visual Studio Solution File, Format Version 12.00
# Visual Studio Version 16
VisualStudioVersion = 16.0.31105.61
MinimumVisualStudioVersion = 10.0.40219.1
Project("{FAE04EC0-301F-11D3-BF4B-00C04F79EFBC}") = "ByteBank", "ByteBank\ByteBank.csproj", "{A7916249-2780-4580-BC3C-F82BDF3826B8}"
EndProject
Project("{FAE04EC0-301F-11D3-BF4B-00C04F79EFBC}") = "ByteBank.Modelos", "..\CSharpParte7\ByteBank.Modelos\ByteBank.Modelos.csproj", "{C2175F0D-7024-465E-947F-C0FB51887A9C}"
EndProject
Global
	GlobalSection(SolutionConfigurationPlatforms) = preSolution
		Debug|Any CPU = Debug|Any CPU
		Release|Any CPU = Release|Any CPU
	EndGlobalSection
	GlobalSection(ProjectConfigurationPlatforms) = postSolution
		{A7916249-2780-4580-BC3C-F82BDF3826B8}.Debug|Any CPU.ActiveCfg = Debug|Any CPU
		{A7916249-2780-4580-BC3C-F82BDF3826B8}.Debug|Any CPU.Build.0 = Debug|Any CPU
		{A7916249-2780-4580-BC3C-F82BDF3826B8}.Release|Any CPU.ActiveCfg = Release|Any CPU
		{A7916249-2780-4580-BC3C-F82BDF3826B8}.Release|Any CPU.Build.0 = Release|Any CPU
		{C2175F0D-7024-465E-947F-C0FB51887A9C}.Debug|Any CPU.ActiveCfg = Debug|Any CPU
		{C2175F0D-7024-465E-947F-C0FB51887A9C}.Debug|Any CPU.Build.0 = Debug|Any CPU
		{C2175F0D-7024-465E-947F-C0FB51887A9C}.Release|Any CPU.ActiveCfg = Release|Any CPU
		{C2175F0D-7024-465E-947F-C0FB51887A9C}.Release|Any CPU.Build.0 = Release|Any CPU
	EndGlobalSection
	GlobalSection(SolutionProperties) = preSolution
		HideSolutionNode = FALSE
	EndGlobalSection
	GlobalSection(ExtensibilityGlobals) = postSolution
		SolutionGuid = {AAEC3288-B28D-4036-957E-5B083A27B5A2}
	EndGlobalSection
EndGlobal
